
Microsoft Visual Studio Solution File, Format Version 12.00
# Visual Studio Version 16
VisualStudioVersion = 16.0.30717.126
MinimumVisualStudioVersion = 10.0.40219.1
Project("{FAE04EC0-301F-11D3-BF4B-00C04F79EFBC}") = "CintraStore.Api", "CintraStore.Api\CintraStore.Api.csproj", "{FF1BC130-74BB-4870-83AF-BB804CF33241}"
EndProject
Project("{FAE04EC0-301F-11D3-BF4B-00C04F79EFBC}") = "CintraStore.Domain", "CintraStore.Domain\CintraStore.Domain.csproj", "{1833FEBB-14D0-4581-8CE3-AB3E7494F2E2}"
EndProject
Project("{FAE04EC0-301F-11D3-BF4B-00C04F79EFBC}") = "CintraStore.Infra", "CintraStore.Infra\CintraStore.Infra.csproj", "{7E3B9EEA-EEBE-4B21-B44D-95A816612789}"
EndProject
Project("{FAE04EC0-301F-11D3-BF4B-00C04F79EFBC}") = "CintraStore.Tests", "CintraStore.Tests\CintraStore.Tests.csproj", "{2BCAC98D-1065-4478-87CB-9796B1A3F292}"
EndProject
Project("{FAE04EC0-301F-11D3-BF4B-00C04F79EFBC}") = "CintraStore.Shared", "CintraStore.Shared\CintraStore.Shared.csproj", "{F3A515C8-4DE7-4E03-B9F7-CE2C2F7362B7}"
EndProject
Global
	GlobalSection(SolutionConfigurationPlatforms) = preSolution
		Debug|Any CPU = Debug|Any CPU
		Release|Any CPU = Release|Any CPU
	EndGlobalSection
	GlobalSection(ProjectConfigurationPlatforms) = postSolution
		{FF1BC130-74BB-4870-83AF-BB804CF33241}.Debug|Any CPU.ActiveCfg = Debug|Any CPU
		{FF1BC130-74BB-4870-83AF-BB804CF33241}.Debug|Any CPU.Build.0 = Debug|Any CPU
		{FF1BC130-74BB-4870-83AF-BB804CF33241}.Release|Any CPU.ActiveCfg = Release|Any CPU
		{FF1BC130-74BB-4870-83AF-BB804CF33241}.Release|Any CPU.Build.0 = Release|Any CPU
		{1833FEBB-14D0-4581-8CE3-AB3E7494F2E2}.Debug|Any CPU.ActiveCfg = Debug|Any CPU
		{1833FEBB-14D0-4581-8CE3-AB3E7494F2E2}.Debug|Any CPU.Build.0 = Debug|Any CPU
		{1833FEBB-14D0-4581-8CE3-AB3E7494F2E2}.Release|Any CPU.ActiveCfg = Release|Any CPU
		{1833FEBB-14D0-4581-8CE3-AB3E7494F2E2}.Release|Any CPU.Build.0 = Release|Any CPU
		{7E3B9EEA-EEBE-4B21-B44D-95A816612789}.Debug|Any CPU.ActiveCfg = Debug|Any CPU
		{7E3B9EEA-EEBE-4B21-B44D-95A816612789}.Debug|Any CPU.Build.0 = Debug|Any CPU
		{7E3B9EEA-EEBE-4B21-B44D-95A816612789}.Release|Any CPU.ActiveCfg = Release|Any CPU
		{7E3B9EEA-EEBE-4B21-B44D-95A816612789}.Release|Any CPU.Build.0 = Release|Any CPU
		{2BCAC98D-1065-4478-87CB-9796B1A3F292}.Debug|Any CPU.ActiveCfg = Debug|Any CPU
		{2BCAC98D-1065-4478-87CB-9796B1A3F292}.Debug|Any CPU.Build.0 = Debug|Any CPU
		{2BCAC98D-1065-4478-87CB-9796B1A3F292}.Release|Any CPU.ActiveCfg = Release|Any CPU
		{2BCAC98D-1065-4478-87CB-9796B1A3F292}.Release|Any CPU.Build.0 = Release|Any CPU
		{F3A515C8-4DE7-4E03-B9F7-CE2C2F7362B7}.Debug|Any CPU.ActiveCfg = Debug|Any CPU
		{F3A515C8-4DE7-4E03-B9F7-CE2C2F7362B7}.Debug|Any CPU.Build.0 = Debug|Any CPU
		{F3A515C8-4DE7-4E03-B9F7-CE2C2F7362B7}.Release|Any CPU.ActiveCfg = Release|Any CPU
		{F3A515C8-4DE7-4E03-B9F7-CE2C2F7362B7}.Release|Any CPU.Build.0 = Release|Any CPU
	EndGlobalSection
	GlobalSection(SolutionProperties) = preSolution
		HideSolutionNode = FALSE
	EndGlobalSection
	GlobalSection(ExtensibilityGlobals) = postSolution
		SolutionGuid = {87CC5916-72EF-404A-85A2-DBFF37EFF3EA}
	EndGlobalSection
EndGlobal
